%{"archytax": {:hex, :archytax, "0.1.1", "6d55e410e498deb4e1b9a0c3a618518e41ada4f467edd7b8cd87d21f2edb63d6", [:mix], [{:nerves_uart, "~> 0.1.1", [hex: :nerves_uart, optional: false]}]},
  "elixir_make": {:hex, :elixir_make, "0.4.0", "992f38fabe705bb45821a728f20914c554b276838433349d4f2341f7a687cddf", [:mix], []},
  "nerves_uart": {:hex, :nerves_uart, "0.1.2", "4310dbb1721a5a007b8e5c416cf81754415bde6b7e2c9aa65a059886b85e637c", [:make, :mix], [{:elixir_make, "~> 0.4", [hex: :elixir_make, optional: false]}]}}
